
Microsoft Visual Studio Solution File, Format Version 12.00
# Visual Studio Version 16
VisualStudioVersion = 16.0.30907.101
MinimumVisualStudioVersion = 10.0.40219.1
Project("{9092AA53-FB77-4645-B42D-1CCCA6BD08BD}") = "PnuWebServer", "PnuWebServer\PnuWebServer.njsproj", "{6F9728C1-D384-4724-BAF8-48B78E5039DC}"
EndProject
Global
	GlobalSection(SolutionConfigurationPlatforms) = preSolution
		Debug|Any CPU = Debug|Any CPU
		Release|Any CPU = Release|Any CPU
	EndGlobalSection
	GlobalSection(ProjectConfigurationPlatforms) = postSolution
		{6F9728C1-D384-4724-BAF8-48B78E5039DC}.Debug|Any CPU.ActiveCfg = Debug|Any CPU
		{6F9728C1-D384-4724-BAF8-48B78E5039DC}.Debug|Any CPU.Build.0 = Debug|Any CPU
		{6F9728C1-D384-4724-BAF8-48B78E5039DC}.Release|Any CPU.ActiveCfg = Release|Any CPU
		{6F9728C1-D384-4724-BAF8-48B78E5039DC}.Release|Any CPU.Build.0 = Release|Any CPU
	EndGlobalSection
	GlobalSection(SolutionProperties) = preSolution
		HideSolutionNode = FALSE
	EndGlobalSection
	GlobalSection(ExtensibilityGlobals) = postSolution
		SolutionGuid = {B31488A8-70D5-4623-BF43-9ECBE6CFE142}
	EndGlobalSection
EndGlobal
